{
  "version": 4,
  "terraform_version": "1.14.7",
  "serial": 34,
  "lineage": "acc40daa-5258-9643-ffc8-3e29a0da09b0",
  "outputs": {
    "app-ip": {
      "value": [
        []
      ],
      "type": [
        "tuple",
        [
          [
            "tuple",
            []
          ]
        ]
      ]
    },
    "jenkins-ip": {
      "value": [
        "44.195.87.27"
      ],
      "type": [
        "tuple",
        [
          "string"
        ]
      ]
    },
    "s3-bucket": {
      "value": "terraform-state-kt5oc71b",
      "type": "string"
    }
  },
  "resources": [
    {
      "mode": "data",
      "type": "aws_ami",
      "name": "ubuntu",
      "provider": "provider[\"registry.terraform.io/hashicorp/aws\"]",
      "instances": [
        {
          "schema_version": 0,
          "attributes": {
            "allow_unsafe_filter": null,
            "architecture": "x86_64",
            "arn": "arn:aws:ec2:us-east-1::image/ami-05e86b3611c60b0b4",
            "block_device_mappings": [
              {
                "device_name": "/dev/sda1",
                "ebs": {
                  "delete_on_termination": "true",
                  "encrypted": "false",
                  "iops": "0",
                  "snapshot_id": "snap-01223ecf29ec53147",
                  "throughput": "0",
                  "volume_initialization_rate": "0",
                  "volume_size": "8",
                  "volume_type": "gp2"
                },
                "no_device": "",
                "virtual_name": ""
              },
              {
                "device_name": "/dev/sdb",
                "ebs": {},
                "no_device": "",
                "virtual_name": "ephemeral0"
              },
              {
                "device_name": "/dev/sdc",
                "ebs": {},
                "no_device": "",
                "virtual_name": "ephemeral1"
              }
            ],
            "boot_mode": "uefi-preferred",
            "creation_date": "2026-04-10T07:03:00.000Z",
            "deprecation_time": "2028-04-10T07:03:00.000Z",
            "description": "Canonical, Ubuntu, 22.04, amd64 jammy image",
            "ena_support": true,
            "executable_users": null,
            "filter": [
              {
                "name": "name",
                "values": [
                  "ubuntu/images/hvm-ssd/ubuntu-jammy-22.04-amd64-server-*"
                ]
              },
              {
                "name": "virtualization-type",
                "values": [
                  "hvm"
                ]
              }
            ],
            "hypervisor": "xen",
            "id": "ami-05e86b3611c60b0b4",
            "image_id": "ami-05e86b3611c60b0b4",
            "image_location": "amazon/ubuntu/images/hvm-ssd/ubuntu-jammy-22.04-amd64-server-20260410",
            "image_owner_alias": "amazon",
            "image_type": "machine",
            "imds_support": "",
            "include_deprecated": false,
            "kernel_id": "",
            "last_launched_time": "",
            "most_recent": true,
            "name": "ubuntu/images/hvm-ssd/ubuntu-jammy-22.04-amd64-server-20260410",
            "name_regex": null,
            "owner_id": "099720109477",
            "owners": [
              "099720109477"
            ],
            "platform": "",
            "platform_details": "Linux/UNIX",
            "product_codes": [],
            "public": true,
            "ramdisk_id": "",
            "region": "us-east-1",
            "root_device_name": "/dev/sda1",
            "root_device_type": "ebs",
            "root_snapshot_id": "snap-01223ecf29ec53147",
            "sriov_net_support": "simple",
            "state": "available",
            "state_reason": {
              "code": "UNSET",
              "message": "UNSET"
            },
            "tags": {},
            "timeouts": null,
            "tpm_support": "",
            "uefi_data": null,
            "usage_operation": "RunInstances",
            "virtualization_type": "hvm"
          },
          "sensitive_attributes": [],
          "identity_schema_version": 0
        }
      ]
    },
    {
      "mode": "data",
      "type": "cloudinit_config",
      "name": "cloudinit-jenkins",
      "provider": "provider[\"registry.terraform.io/hashicorp/cloudinit\"]",
      "instances": [
        {
          "schema_version": 0,
          "attributes": {
            "base64_encode": false,
            "boundary": "MIMEBOUNDARY",
            "gzip": false,
            "id": "504836810",
            "part": [
              {
                "content": "#!/bin/bash\nset -e\n\n# volume setup\nvgchange -ay\n\nDEVICE_FS=`blkid -o value -s TYPE /dev/xvdh`\nif [ \"`echo -n $DEVICE_FS`\" == \"\" ] ; then \n  # wait for the device to be attached\n  DEVICENAME=`echo \"/dev/xvdh\" | awk -F '/' '{print $3}'`\n  DEVICEEXISTS=''\n  while [[ -z $DEVICEEXISTS ]]; do\n    echo \"checking $DEVICENAME\"\n    DEVICEEXISTS=`lsblk |grep \"$DEVICENAME\" |wc -l`\n    if [[ $DEVICEEXISTS != \"1\" ]]; then\n      sleep 15\n    fi\n  done\n  pvcreate /dev/xvdh\n  vgcreate data /dev/xvdh\n  lvcreate --name volume1 -l 100%FREE data\n  mkfs.ext4 /dev/data/volume1\nfi\nmkdir -p /var/lib/jenkins\necho '/dev/data/volume1 /var/lib/jenkins ext4 defaults 0 0' \u003e\u003e /etc/fstab\nmount /var/lib/jenkins\n\n# Add Jenkins repository\necho \"Installing Jenkins repository...\"\ncurl -fsSL https://pkg.jenkins.io/debian-stable/jenkins.io-2023.key | sudo gpg --dearmor -o /usr/share/keyrings/jenkins-keyring.gpg\necho \"deb [signed-by=/usr/share/keyrings/jenkins-keyring.gpg] https://pkg.jenkins.io/debian-stable binary/\" | sudo tee /etc/apt/sources.list.d/jenkins.list \u003e /dev/null\n\n# Update package list (continue even if there are GPG warnings)\necho \"Updating package list...\"\napt-get update || echo \"Warning: apt-get update had issues, but continuing...\"\n\n# Install dependencies\necho \"Installing dependencies...\"\napt-get install -y python3 openjdk-21-jdk awscli unzip\n\n# Install Jenkins manually (bypass repository issues)\necho \"Installing Jenkins...\"\nwget -q https://get.jenkins.io/war-stable/latest/jenkins.war -O /opt/jenkins.war\nuseradd -m -s /bin/bash jenkins 2\u003e/dev/null || true\nmkdir -p /var/lib/jenkins\nchown jenkins:jenkins /var/lib/jenkins /opt/jenkins.war\n\n# Create systemd service for Jenkins\ntee /etc/systemd/system/jenkins.service \u003e /dev/null \u003c\u003c 'EOF'\n[Unit]\nDescription=Jenkins Continuous Integration Server\nAfter=network.target\n\n[Service]\nType=simple\nUser=jenkins\nGroup=jenkins\nEnvironment=JENKINS_HOME=/var/lib/jenkins\nExecStart=/usr/bin/java -jar /opt/jenkins.war --httpPort=8080\nRestart=always\n\n[Install]\nWantedBy=multi-user.target\nEOF\n\nsystemctl daemon-reload\nsystemctl enable jenkins\nsystemctl start jenkins\napt-get install -y jenkins\n\n# Install Terraform\necho \"Installing Terraform 1.6.0...\"\nwget -q https://releases.hashicorp.com/terraform/1.6.0/terraform_1.6.0_linux_amd64.zip -O /tmp/terraform.zip\nunzip -o /tmp/terraform.zip -d /usr/local/bin/\nrm -f /tmp/terraform.zip\nterraform --version\n\n# Install Packer\necho \"Installing Packer 1.10.0...\"\nwget -q https://releases.hashicorp.com/packer/1.10.0/packer_1.10.0_linux_amd64.zip -O /tmp/packer.zip\nunzip -o /tmp/packer.zip -d /usr/local/bin/\nrm -f /tmp/packer.zip\npacker --version\n\n# Clean up\necho \"Cleaning up...\"\napt-get clean\n\necho \"Installation complete!\"\n",
                "content_type": "text/x-shellscript",
                "filename": null,
                "merge_type": null
              }
            ],
            "rendered": "Content-Type: multipart/mixed; boundary=\"MIMEBOUNDARY\"\nMIME-Version: 1.0\r\n\r\n--MIMEBOUNDARY\r\nContent-Transfer-Encoding: 7bit\r\nContent-Type: text/x-shellscript\r\nMime-Version: 1.0\r\n\r\n#!/bin/bash\nset -e\n\n# volume setup\nvgchange -ay\n\nDEVICE_FS=`blkid -o value -s TYPE /dev/xvdh`\nif [ \"`echo -n $DEVICE_FS`\" == \"\" ] ; then \n  # wait for the device to be attached\n  DEVICENAME=`echo \"/dev/xvdh\" | awk -F '/' '{print $3}'`\n  DEVICEEXISTS=''\n  while [[ -z $DEVICEEXISTS ]]; do\n    echo \"checking $DEVICENAME\"\n    DEVICEEXISTS=`lsblk |grep \"$DEVICENAME\" |wc -l`\n    if [[ $DEVICEEXISTS != \"1\" ]]; then\n      sleep 15\n    fi\n  done\n  pvcreate /dev/xvdh\n  vgcreate data /dev/xvdh\n  lvcreate --name volume1 -l 100%FREE data\n  mkfs.ext4 /dev/data/volume1\nfi\nmkdir -p /var/lib/jenkins\necho '/dev/data/volume1 /var/lib/jenkins ext4 defaults 0 0' \u003e\u003e /etc/fstab\nmount /var/lib/jenkins\n\n# Add Jenkins repository\necho \"Installing Jenkins repository...\"\ncurl -fsSL https://pkg.jenkins.io/debian-stable/jenkins.io-2023.key | sudo gpg --dearmor -o /usr/share/keyrings/jenkins-keyring.gpg\necho \"deb [signed-by=/usr/share/keyrings/jenkins-keyring.gpg] https://pkg.jenkins.io/debian-stable binary/\" | sudo tee /etc/apt/sources.list.d/jenkins.list \u003e /dev/null\n\n# Update package list (continue even if there are GPG warnings)\necho \"Updating package list...\"\napt-get update || echo \"Warning: apt-get update had issues, but continuing...\"\n\n# Install dependencies\necho \"Installing dependencies...\"\napt-get install -y python3 openjdk-21-jdk awscli unzip\n\n# Install Jenkins manually (bypass repository issues)\necho \"Installing Jenkins...\"\nwget -q https://get.jenkins.io/war-stable/latest/jenkins.war -O /opt/jenkins.war\nuseradd -m -s /bin/bash jenkins 2\u003e/dev/null || true\nmkdir -p /var/lib/jenkins\nchown jenkins:jenkins /var/lib/jenkins /opt/jenkins.war\n\n# Create systemd service for Jenkins\ntee /etc/systemd/system/jenkins.service \u003e /dev/null \u003c\u003c 'EOF'\n[Unit]\nDescription=Jenkins Continuous Integration Server\nAfter=network.target\n\n[Service]\nType=simple\nUser=jenkins\nGroup=jenkins\nEnvironment=JENKINS_HOME=/var/lib/jenkins\nExecStart=/usr/bin/java -jar /opt/jenkins.war --httpPort=8080\nRestart=always\n\n[Install]\nWantedBy=multi-user.target\nEOF\n\nsystemctl daemon-reload\nsystemctl enable jenkins\nsystemctl start jenkins\napt-get install -y jenkins\n\n# Install Terraform\necho \"Installing Terraform 1.6.0...\"\nwget -q https://releases.hashicorp.com/terraform/1.6.0/terraform_1.6.0_linux_amd64.zip -O /tmp/terraform.zip\nunzip -o /tmp/terraform.zip -d /usr/local/bin/\nrm -f /tmp/terraform.zip\nterraform --version\n\n# Install Packer\necho \"Installing Packer 1.10.0...\"\nwget -q https://releases.hashicorp.com/packer/1.10.0/packer_1.10.0_linux_amd64.zip -O /tmp/packer.zip\nunzip -o /tmp/packer.zip -d /usr/local/bin/\nrm -f /tmp/packer.zip\npacker --version\n\n# Clean up\necho \"Cleaning up...\"\napt-get clean\n\necho \"Installation complete!\"\n\r\n--MIMEBOUNDARY--\r\n"
          },
          "sensitive_attributes": [],
          "identity_schema_version": 0
        }
      ]
    },
    {
      "mode": "managed",
      "type": "aws_ebs_volume",
      "name": "jenkins-data",
      "provider": "provider[\"registry.terraform.io/hashicorp/aws\"]",
      "instances": [
        {
          "schema_version": 0,
          "attributes": {
            "arn": "arn:aws:ec2:us-east-1:095031187966:volume/vol-0d525a35274241e86",
            "availability_zone": "us-east-1a",
            "create_time": "2026-04-23T23:25:58Z",
            "encrypted": false,
            "final_snapshot": false,
            "id": "vol-0d525a35274241e86",
            "iops": 100,
            "kms_key_id": "",
            "multi_attach_enabled": false,
            "outpost_arn": "",
            "region": "us-east-1",
            "size": 20,
            "snapshot_id": "",
            "tags": {
              "Name": "jenkins-data"
            },
            "tags_all": {
              "Name": "jenkins-data"
            },
            "throughput": 0,
            "timeouts": null,
            "type": "gp2",
            "volume_initialization_rate": 0
          },
          "sensitive_attributes": [],
          "identity_schema_version": 0,
          "private": "eyJlMmJmYjczMC1lY2FhLTExZTYtOGY4OC0zNDM2M2JjN2M0YzAiOnsiY3JlYXRlIjozMDAwMDAwMDAwMDAsImRlbGV0ZSI6NjAwMDAwMDAwMDAwLCJ1cGRhdGUiOjMwMDAwMDAwMDAwMH19"
        }
      ]
    },
    {
      "mode": "managed",
      "type": "aws_iam_instance_profile",
      "name": "jenkins-role",
      "provider": "provider[\"registry.terraform.io/hashicorp/aws\"]",
      "instances": [
        {
          "schema_version": 0,
          "attributes": {
            "arn": "arn:aws:iam::095031187966:instance-profile/jenkins-role",
            "create_date": "2026-04-23T23:25:58Z",
            "id": "jenkins-role",
            "name": "jenkins-role",
            "name_prefix": "",
            "path": "/",
            "role": "jenkins-role",
            "tags": {},
            "tags_all": {},
            "unique_id": "AIPARMICM3H7IRXDOGY2D"
          },
          "sensitive_attributes": [],
          "identity_schema_version": 0,
          "identity": {
            "account_id": "095031187966",
            "name": "jenkins-role"
          },
          "private": "bnVsbA==",
          "dependencies": [
            "aws_iam_role.jenkins-role"
          ]
        }
      ]
    },
    {
      "mode": "managed",
      "type": "aws_iam_role",
      "name": "jenkins-role",
      "provider": "provider[\"registry.terraform.io/hashicorp/aws\"]",
      "instances": [
        {
          "schema_version": 0,
          "attributes": {
            "arn": "arn:aws:iam::095031187966:role/jenkins-role",
            "assume_role_policy": "{\"Statement\":[{\"Action\":\"sts:AssumeRole\",\"Effect\":\"Allow\",\"Principal\":{\"Service\":\"ec2.amazonaws.com\"},\"Sid\":\"\"}],\"Version\":\"2012-10-17\"}",
            "create_date": "2026-04-23T23:25:58Z",
            "description": "",
            "force_detach_policies": false,
            "id": "jenkins-role",
            "inline_policy": [
              {
                "name": "jenkins-admin-role-policy",
                "policy": "{\"Version\":\"2012-10-17\",\"Statement\":[{\"Action\":[\"*\"],\"Effect\":\"Allow\",\"Resource\":\"*\"}]}"
              }
            ],
            "managed_policy_arns": [],
            "max_session_duration": 3600,
            "name": "jenkins-role",
            "name_prefix": "",
            "path": "/",
            "permissions_boundary": "",
            "tags": {},
            "tags_all": {},
            "unique_id": "AROARMICM3H7EQ6REWCGL"
          },
          "sensitive_attributes": [],
          "identity_schema_version": 0,
          "identity": {
            "account_id": "095031187966",
            "name": "jenkins-role"
          },
          "private": "bnVsbA=="
        }
      ]
    },
    {
      "mode": "managed",
      "type": "aws_iam_role_policy",
      "name": "admin-policy",
      "provider": "provider[\"registry.terraform.io/hashicorp/aws\"]",
      "instances": [
        {
          "schema_version": 0,
          "attributes": {
            "id": "jenkins-role:jenkins-admin-role-policy",
            "name": "jenkins-admin-role-policy",
            "name_prefix": "",
            "policy": "{\"Version\":\"2012-10-17\",\"Statement\":[{\"Action\":[\"*\"],\"Effect\":\"Allow\",\"Resource\":\"*\"}]}",
            "role": "jenkins-role"
          },
          "sensitive_attributes": [],
          "identity_schema_version": 0,
          "identity": {
            "account_id": "095031187966",
            "name": "jenkins-admin-role-policy",
            "role": "jenkins-role"
          },
          "private": "bnVsbA==",
          "dependencies": [
            "aws_iam_role.jenkins-role"
          ]
        }
      ]
    },
    {
      "mode": "managed",
      "type": "aws_instance",
      "name": "jenkins-instance",
      "provider": "provider[\"registry.terraform.io/hashicorp/aws\"]",
      "instances": [
        {
          "schema_version": 2,
          "attributes": {
            "ami": "ami-05e86b3611c60b0b4",
            "arn": "arn:aws:ec2:us-east-1:095031187966:instance/i-03652f3f0720cba2a",
            "associate_public_ip_address": true,
            "availability_zone": "us-east-1a",
            "capacity_reservation_specification": [
              {
                "capacity_reservation_preference": "open",
                "capacity_reservation_target": []
              }
            ],
            "cpu_options": [
              {
                "amd_sev_snp": "",
                "core_count": 1,
                "nested_virtualization": "",
                "threads_per_core": 1
              }
            ],
            "credit_specification": [
              {
                "cpu_credits": "standard"
              }
            ],
            "disable_api_stop": false,
            "disable_api_termination": false,
            "ebs_block_device": [
              {
                "delete_on_termination": false,
                "device_name": "/dev/xvdh",
                "encrypted": false,
                "iops": 100,
                "kms_key_id": "",
                "snapshot_id": "",
                "tags": {
                  "Name": "jenkins-data"
                },
                "tags_all": {
                  "Name": "jenkins-data"
                },
                "throughput": 0,
                "volume_id": "vol-0d525a35274241e86",
                "volume_size": 20,
                "volume_type": "gp2"
              }
            ],
            "ebs_optimized": false,
            "enable_primary_ipv6": null,
            "enclave_options": [
              {
                "enabled": false
              }
            ],
            "ephemeral_block_device": [],
            "force_destroy": false,
            "get_password_data": false,
            "hibernation": false,
            "host_id": "",
            "host_resource_group_arn": null,
            "iam_instance_profile": "jenkins-role",
            "id": "i-03652f3f0720cba2a",
            "instance_initiated_shutdown_behavior": "stop",
            "instance_lifecycle": "",
            "instance_market_options": [],
            "instance_state": "running",
            "instance_type": "t2.small",
            "ipv6_address_count": 0,
            "ipv6_addresses": [],
            "key_name": "mykeypair",
            "launch_template": [],
            "maintenance_options": [
              {
                "auto_recovery": "default"
              }
            ],
            "metadata_options": [
              {
                "http_endpoint": "enabled",
                "http_protocol_ipv6": "disabled",
                "http_put_response_hop_limit": 1,
                "http_tokens": "optional",
                "instance_metadata_tags": "disabled"
              }
            ],
            "monitoring": false,
            "network_interface": [],
            "outpost_arn": "",
            "password_data": "",
            "placement_group": "",
            "placement_group_id": "",
            "placement_partition_number": 0,
            "primary_network_interface": [
              {
                "delete_on_termination": true,
                "network_interface_id": "eni-01234f2d54073800a"
              }
            ],
            "primary_network_interface_id": "eni-01234f2d54073800a",
            "private_dns": "ip-10-0-1-124.ec2.internal",
            "private_dns_name_options": [
              {
                "enable_resource_name_dns_a_record": false,
                "enable_resource_name_dns_aaaa_record": false,
                "hostname_type": "ip-name"
              }
            ],
            "private_ip": "10.0.1.124",
            "public_dns": "ec2-44-195-87-27.compute-1.amazonaws.com",
            "public_ip": "44.195.87.27",
            "region": "us-east-1",
            "root_block_device": [
              {
                "delete_on_termination": true,
                "device_name": "/dev/sda1",
                "encrypted": false,
                "iops": 100,
                "kms_key_id": "",
                "tags": {},
                "tags_all": {},
                "throughput": 0,
                "volume_id": "vol-08e29246bca8f238f",
                "volume_size": 8,
                "volume_type": "gp2"
              }
            ],
            "secondary_network_interface": [],
            "secondary_private_ips": [],
            "security_groups": [],
            "source_dest_check": true,
            "spot_instance_request_id": "",
            "subnet_id": "subnet-03e118c9e8522efaf",
            "tags": {},
            "tags_all": {},
            "tenancy": "default",
            "timeouts": null,
            "user_data": "Content-Type: multipart/mixed; boundary=\"MIMEBOUNDARY\"\nMIME-Version: 1.0\r\n\r\n--MIMEBOUNDARY\r\nContent-Transfer-Encoding: 7bit\r\nContent-Type: text/x-shellscript\r\nMime-Version: 1.0\r\n\r\n#!/bin/bash\nset -e\n\n# volume setup\nvgchange -ay\n\nDEVICE_FS=`blkid -o value -s TYPE /dev/xvdh`\nif [ \"`echo -n $DEVICE_FS`\" == \"\" ] ; then \n  # wait for the device to be attached\n  DEVICENAME=`echo \"/dev/xvdh\" | awk -F '/' '{print $3}'`\n  DEVICEEXISTS=''\n  while [[ -z $DEVICEEXISTS ]]; do\n    echo \"checking $DEVICENAME\"\n    DEVICEEXISTS=`lsblk |grep \"$DEVICENAME\" |wc -l`\n    if [[ $DEVICEEXISTS != \"1\" ]]; then\n      sleep 15\n    fi\n  done\n  pvcreate /dev/xvdh\n  vgcreate data /dev/xvdh\n  lvcreate --name volume1 -l 100%FREE data\n  mkfs.ext4 /dev/data/volume1\nfi\nmkdir -p /var/lib/jenkins\necho '/dev/data/volume1 /var/lib/jenkins ext4 defaults 0 0' \u003e\u003e /etc/fstab\nmount /var/lib/jenkins\n\n# Add Jenkins repository\necho \"Installing Jenkins repository...\"\ncurl -fsSL https://pkg.jenkins.io/debian-stable/jenkins.io-2023.key | sudo gpg --dearmor -o /usr/share/keyrings/jenkins-keyring.gpg\necho \"deb [signed-by=/usr/share/keyrings/jenkins-keyring.gpg] https://pkg.jenkins.io/debian-stable binary/\" | sudo tee /etc/apt/sources.list.d/jenkins.list \u003e /dev/null\n\n# Update package list (continue even if there are GPG warnings)\necho \"Updating package list...\"\napt-get update || echo \"Warning: apt-get update had issues, but continuing...\"\n\n# Install dependencies\necho \"Installing dependencies...\"\napt-get install -y python3 openjdk-21-jdk awscli unzip\n\n# Install Jenkins manually (bypass repository issues)\necho \"Installing Jenkins...\"\nwget -q https://get.jenkins.io/war-stable/latest/jenkins.war -O /opt/jenkins.war\nuseradd -m -s /bin/bash jenkins 2\u003e/dev/null || true\nmkdir -p /var/lib/jenkins\nchown jenkins:jenkins /var/lib/jenkins /opt/jenkins.war\n\n# Create systemd service for Jenkins\ntee /etc/systemd/system/jenkins.service \u003e /dev/null \u003c\u003c 'EOF'\n[Unit]\nDescription=Jenkins Continuous Integration Server\nAfter=network.target\n\n[Service]\nType=simple\nUser=jenkins\nGroup=jenkins\nEnvironment=JENKINS_HOME=/var/lib/jenkins\nExecStart=/usr/bin/java -jar /opt/jenkins.war --httpPort=8080\nRestart=always\n\n[Install]\nWantedBy=multi-user.target\nEOF\n\nsystemctl daemon-reload\nsystemctl enable jenkins\nsystemctl start jenkins\napt-get install -y jenkins\n\n# Install Terraform\necho \"Installing Terraform 1.6.0...\"\nwget -q https://releases.hashicorp.com/terraform/1.6.0/terraform_1.6.0_linux_amd64.zip -O /tmp/terraform.zip\nunzip -o /tmp/terraform.zip -d /usr/local/bin/\nrm -f /tmp/terraform.zip\nterraform --version\n\n# Install Packer\necho \"Installing Packer 1.10.0...\"\nwget -q https://releases.hashicorp.com/packer/1.10.0/packer_1.10.0_linux_amd64.zip -O /tmp/packer.zip\nunzip -o /tmp/packer.zip -d /usr/local/bin/\nrm -f /tmp/packer.zip\npacker --version\n\n# Clean up\necho \"Cleaning up...\"\napt-get clean\n\necho \"Installation complete!\"\n\r\n--MIMEBOUNDARY--\r\n",
            "user_data_base64": null,
            "user_data_replace_on_change": false,
            "volume_tags": null,
            "vpc_security_group_ids": [
              "sg-021e692ae16f2e78c"
            ]
          },
          "sensitive_attributes": [],
          "identity_schema_version": 0,
          "identity": {
            "account_id": "095031187966",
            "id": "i-03652f3f0720cba2a",
            "region": "us-east-1"
          },
          "private": "eyJlMmJmYjczMC1lY2FhLTExZTYtOGY4OC0zNDM2M2JjN2M0YzAiOnsiY3JlYXRlIjo2MDAwMDAwMDAwMDAsImRlbGV0ZSI6MTIwMDAwMDAwMDAwMCwicmVhZCI6OTAwMDAwMDAwMDAwLCJ1cGRhdGUiOjYwMDAwMDAwMDAwMH0sInNjaGVtYV92ZXJzaW9uIjoiMiJ9",
          "dependencies": [
            "aws_iam_instance_profile.jenkins-role",
            "aws_iam_role.jenkins-role",
            "aws_key_pair.mykeypair",
            "aws_security_group.jenkins-securitygroup",
            "aws_subnet.main-public-1",
            "aws_vpc.main",
            "data.aws_ami.ubuntu",
            "data.cloudinit_config.cloudinit-jenkins"
          ]
        }
      ]
    },
    {
      "mode": "managed",
      "type": "aws_internet_gateway",
      "name": "main-gw",
      "provider": "provider[\"registry.terraform.io/hashicorp/aws\"]",
      "instances": [
        {
          "schema_version": 0,
          "attributes": {
            "arn": "arn:aws:ec2:us-east-1:095031187966:internet-gateway/igw-0b03bf95bc7d49ded",
            "id": "igw-0b03bf95bc7d49ded",
            "owner_id": "095031187966",
            "region": "us-east-1",
            "tags": {
              "Name": "main"
            },
            "tags_all": {
              "Name": "main"
            },
            "timeouts": null,
            "vpc_id": "vpc-092153d6e68c5e548"
          },
          "sensitive_attributes": [],
          "identity_schema_version": 0,
          "private": "eyJlMmJmYjczMC1lY2FhLTExZTYtOGY4OC0zNDM2M2JjN2M0YzAiOnsiY3JlYXRlIjoxMjAwMDAwMDAwMDAwLCJkZWxldGUiOjEyMDAwMDAwMDAwMDAsInVwZGF0ZSI6MTIwMDAwMDAwMDAwMH19",
          "dependencies": [
            "aws_vpc.main"
          ]
        }
      ]
    },
    {
      "mode": "managed",
      "type": "aws_key_pair",
      "name": "mykeypair",
      "provider": "provider[\"registry.terraform.io/hashicorp/aws\"]",
      "instances": [
        {
          "schema_version": 1,
          "attributes": {
            "arn": "arn:aws:ec2:us-east-1:095031187966:key-pair/mykeypair",
            "fingerprint": "33:40:8c:f9:62:a6:de:2e:cd:84:10:4f:2a:31:92:3a",
            "id": "mykeypair",
            "key_name": "mykeypair",
            "key_name_prefix": "",
            "key_pair_id": "key-07a17be9e43167fdc",
            "key_type": "rsa",
            "public_key": "ssh-rsa AAAAB3NzaC1yc2EAAAADAQABAAABgQDaeTWOumcaUK47C3JIpwzk8yR9+0BrtdUntfvEi2umrNgU7NBS5bvmRKeCvqHteRag+5XqlSBlweNKlZYnQucPqsBxtVXuSYPJ4mw3tAbRYYUcZwXrKMwvc+wnAVhaEFSHXbsPfJkTZeGzmhXGdqClYRhoD3mGWqbO4jEfTxA/BovXYD5QLuM2wWeRit//Ibffn2Ld4q1rjtuiLokuMu2DyYl6nJnIDVZkJ7aI/WgA7z+rtF5VkR3qtsxu9iz2e4lkvJYFm3Rh63AD1p+Ppfsd0mpXj5o0hmqtn0HarunkLTBzjBs3LyKb63mM8yiOCx1v2E+g9nCg8IixybJ7tBP08XImetRLlMoX5gS5Z3n8Xa991sMz1oIQw5XpuFFv2zZvrxOerDhoFF39jCp7kNvvLqyfHqDC/vo27z5NBjkS//Jl1szQwiYHBW0EGxqrfdpdD8mQD6IOUi4GIhPJTtn2cA/9nY8TAzy+Ljp075VO0Dmgodu+4BchSrDodbaF+qs= gokul@Gokuls-Air",
            "region": "us-east-1",
            "tags": {},
            "tags_all": {}
          },
          "sensitive_attributes": [],
          "identity_schema_version": 0,
          "private": "eyJzY2hlbWFfdmVyc2lvbiI6IjEifQ=="
        }
      ]
    },
    {
      "mode": "managed",
      "type": "aws_route_table",
      "name": "main-public",
      "provider": "provider[\"registry.terraform.io/hashicorp/aws\"]",
      "instances": [
        {
          "schema_version": 0,
          "attributes": {
            "arn": "arn:aws:ec2:us-east-1:095031187966:route-table/rtb-099946bbd9b674be6",
            "id": "rtb-099946bbd9b674be6",
            "owner_id": "095031187966",
            "propagating_vgws": [],
            "region": "us-east-1",
            "route": [
              {
                "carrier_gateway_id": "",
                "cidr_block": "0.0.0.0/0",
                "core_network_arn": "",
                "destination_prefix_list_id": "",
                "egress_only_gateway_id": "",
                "gateway_id": "igw-0b03bf95bc7d49ded",
                "ipv6_cidr_block": "",
                "local_gateway_id": "",
                "nat_gateway_id": "",
                "network_interface_id": "",
                "transit_gateway_id": "",
                "vpc_endpoint_id": "",
                "vpc_peering_connection_id": ""
              }
            ],
            "tags": {
              "Name": "main-public-1"
            },
            "tags_all": {
              "Name": "main-public-1"
            },
            "timeouts": null,
            "vpc_id": "vpc-092153d6e68c5e548"
          },
          "sensitive_attributes": [],
          "identity_schema_version": 0,
          "identity": {
            "account_id": "095031187966",
            "id": "rtb-099946bbd9b674be6",
            "region": "us-east-1"
          },
          "private": "eyJlMmJmYjczMC1lY2FhLTExZTYtOGY4OC0zNDM2M2JjN2M0YzAiOnsiY3JlYXRlIjozMDAwMDAwMDAwMDAsImRlbGV0ZSI6MzAwMDAwMDAwMDAwLCJ1cGRhdGUiOjEyMDAwMDAwMDAwMH19",
          "dependencies": [
            "aws_internet_gateway.main-gw",
            "aws_vpc.main"
          ]
        }
      ]
    },
    {
      "mode": "managed",
      "type": "aws_route_table_association",
      "name": "main-public-1-a",
      "provider": "provider[\"registry.terraform.io/hashicorp/aws\"]",
      "instances": [
        {
          "schema_version": 0,
          "attributes": {
            "gateway_id": "",
            "id": "rtbassoc-0383e9e874ff2e6d0",
            "region": "us-east-1",
            "route_table_id": "rtb-099946bbd9b674be6",
            "subnet_id": "subnet-03e118c9e8522efaf",
            "timeouts": null
          },
          "sensitive_attributes": [],
          "identity_schema_version": 0,
          "identity": {
            "account_id": "095031187966",
            "id": "rtbassoc-0383e9e874ff2e6d0",
            "region": "us-east-1"
          },
          "private": "eyJlMmJmYjczMC1lY2FhLTExZTYtOGY4OC0zNDM2M2JjN2M0YzAiOnsiY3JlYXRlIjozMDAwMDAwMDAwMDAsImRlbGV0ZSI6MzAwMDAwMDAwMDAwLCJ1cGRhdGUiOjEyMDAwMDAwMDAwMH19",
          "dependencies": [
            "aws_internet_gateway.main-gw",
            "aws_route_table.main-public",
            "aws_subnet.main-public-1",
            "aws_vpc.main"
          ]
        }
      ]
    },
    {
      "mode": "managed",
      "type": "aws_route_table_association",
      "name": "main-public-2-a",
      "provider": "provider[\"registry.terraform.io/hashicorp/aws\"]",
      "instances": [
        {
          "schema_version": 0,
          "attributes": {
            "gateway_id": "",
            "id": "rtbassoc-0a172fdc37c619b40",
            "region": "us-east-1",
            "route_table_id": "rtb-099946bbd9b674be6",
            "subnet_id": "subnet-07e50444d66743980",
            "timeouts": null
          },
          "sensitive_attributes": [],
          "identity_schema_version": 0,
          "identity": {
            "account_id": "095031187966",
            "id": "rtbassoc-0a172fdc37c619b40",
            "region": "us-east-1"
          },
          "private": "eyJlMmJmYjczMC1lY2FhLTExZTYtOGY4OC0zNDM2M2JjN2M0YzAiOnsiY3JlYXRlIjozMDAwMDAwMDAwMDAsImRlbGV0ZSI6MzAwMDAwMDAwMDAwLCJ1cGRhdGUiOjEyMDAwMDAwMDAwMH19",
          "dependencies": [
            "aws_internet_gateway.main-gw",
            "aws_route_table.main-public",
            "aws_subnet.main-public-2",
            "aws_vpc.main"
          ]
        }
      ]
    },
    {
      "mode": "managed",
      "type": "aws_route_table_association",
      "name": "main-public-3-a",
      "provider": "provider[\"registry.terraform.io/hashicorp/aws\"]",
      "instances": [
        {
          "schema_version": 0,
          "attributes": {
            "gateway_id": "",
            "id": "rtbassoc-0f5cc929b1b84a405",
            "region": "us-east-1",
            "route_table_id": "rtb-099946bbd9b674be6",
            "subnet_id": "subnet-0d2e710e16873a447",
            "timeouts": null
          },
          "sensitive_attributes": [],
          "identity_schema_version": 0,
          "identity": {
            "account_id": "095031187966",
            "id": "rtbassoc-0f5cc929b1b84a405",
            "region": "us-east-1"
          },
          "private": "eyJlMmJmYjczMC1lY2FhLTExZTYtOGY4OC0zNDM2M2JjN2M0YzAiOnsiY3JlYXRlIjozMDAwMDAwMDAwMDAsImRlbGV0ZSI6MzAwMDAwMDAwMDAwLCJ1cGRhdGUiOjEyMDAwMDAwMDAwMH19",
          "dependencies": [
            "aws_internet_gateway.main-gw",
            "aws_route_table.main-public",
            "aws_subnet.main-public-3",
            "aws_vpc.main"
          ]
        }
      ]
    },
    {
      "mode": "managed",
      "type": "aws_s3_bucket",
      "name": "terraform-state",
      "provider": "provider[\"registry.terraform.io/hashicorp/aws\"]",
      "instances": [
        {
          "schema_version": 0,
          "attributes": {
            "acceleration_status": "",
            "acl": null,
            "arn": "arn:aws:s3:::terraform-state-kt5oc71b",
            "bucket": "terraform-state-kt5oc71b",
            "bucket_domain_name": "terraform-state-kt5oc71b.s3.amazonaws.com",
            "bucket_namespace": "global",
            "bucket_prefix": "",
            "bucket_region": "us-east-1",
            "bucket_regional_domain_name": "terraform-state-kt5oc71b.s3.us-east-1.amazonaws.com",
            "cors_rule": [],
            "force_destroy": false,
            "grant": [
              {
                "id": "d12d15c70c2f8dcf8b6a0eca521692be402209911d249136720ca159dcb1bc1f",
                "permissions": [
                  "FULL_CONTROL"
                ],
                "type": "CanonicalUser",
                "uri": ""
              }
            ],
            "hosted_zone_id": "Z3AQBSTGFYJSTF",
            "id": "terraform-state-kt5oc71b",
            "lifecycle_rule": [],
            "logging": [],
            "object_lock_configuration": [],
            "object_lock_enabled": false,
            "policy": "",
            "region": "us-east-1",
            "replication_configuration": [],
            "request_payer": "BucketOwner",
            "server_side_encryption_configuration": [
              {
                "rule": [
                  {
                    "apply_server_side_encryption_by_default": [
                      {
                        "kms_master_key_id": "",
                        "sse_algorithm": "AES256"
                      }
                    ],
                    "bucket_key_enabled": false
                  }
                ]
              }
            ],
            "tags": {
              "Name": "Terraform state"
            },
            "tags_all": {
              "Name": "Terraform state"
            },
            "timeouts": null,
            "versioning": [
              {
                "enabled": false,
                "mfa_delete": false
              }
            ],
            "website": [],
            "website_domain": null,
            "website_endpoint": null
          },
          "sensitive_attributes": [],
          "identity_schema_version": 0,
          "identity": {
            "account_id": "095031187966",
            "bucket": "terraform-state-kt5oc71b",
            "region": "us-east-1"
          },
          "private": "eyJlMmJmYjczMC1lY2FhLTExZTYtOGY4OC0zNDM2M2JjN2M0YzAiOnsiY3JlYXRlIjoxMjAwMDAwMDAwMDAwLCJkZWxldGUiOjM2MDAwMDAwMDAwMDAsInJlYWQiOjEyMDAwMDAwMDAwMDAsInVwZGF0ZSI6MTIwMDAwMDAwMDAwMH19",
          "dependencies": [
            "random_string.random"
          ]
        }
      ]
    },
    {
      "mode": "managed",
      "type": "aws_security_group",
      "name": "app-securitygroup",
      "provider": "provider[\"registry.terraform.io/hashicorp/aws\"]",
      "instances": [
        {
          "schema_version": 1,
          "attributes": {
            "arn": "arn:aws:ec2:us-east-1:095031187966:security-group/sg-0a0088cafdae61c83",
            "description": "security group that allows ssh and all egress traffic",
            "egress": [
              {
                "cidr_blocks": [
                  "0.0.0.0/0"
                ],
                "description": "",
                "from_port": 0,
                "ipv6_cidr_blocks": [],
                "prefix_list_ids": [],
                "protocol": "-1",
                "security_groups": [],
                "self": false,
                "to_port": 0
              }
            ],
            "id": "sg-0a0088cafdae61c83",
            "ingress": [
              {
                "cidr_blocks": [
                  "0.0.0.0/0"
                ],
                "description": "",
                "from_port": 22,
                "ipv6_cidr_blocks": [],
                "prefix_list_ids": [],
                "protocol": "tcp",
                "security_groups": [],
                "self": false,
                "to_port": 22
              },
              {
                "cidr_blocks": [
                  "0.0.0.0/0"
                ],
                "description": "",
                "from_port": 80,
                "ipv6_cidr_blocks": [],
                "prefix_list_ids": [],
                "protocol": "tcp",
                "security_groups": [],
                "self": false,
                "to_port": 80
              }
            ],
            "name": "app-securitygroup",
            "name_prefix": "",
            "owner_id": "095031187966",
            "region": "us-east-1",
            "revoke_rules_on_delete": false,
            "tags": {
              "Name": "app-securitygroup"
            },
            "tags_all": {
              "Name": "app-securitygroup"
            },
            "timeouts": null,
            "vpc_id": "vpc-092153d6e68c5e548"
          },
          "sensitive_attributes": [],
          "identity_schema_version": 0,
          "identity": {
            "account_id": "095031187966",
            "id": "sg-0a0088cafdae61c83",
            "region": "us-east-1"
          },
          "private": "eyJlMmJmYjczMC1lY2FhLTExZTYtOGY4OC0zNDM2M2JjN2M0YzAiOnsiY3JlYXRlIjo2MDAwMDAwMDAwMDAsImRlbGV0ZSI6OTAwMDAwMDAwMDAwfSwic2NoZW1hX3ZlcnNpb24iOiIxIn0=",
          "dependencies": [
            "aws_vpc.main"
          ]
        }
      ]
    },
    {
      "mode": "managed",
      "type": "aws_security_group",
      "name": "jenkins-securitygroup",
      "provider": "provider[\"registry.terraform.io/hashicorp/aws\"]",
      "instances": [
        {
          "schema_version": 1,
          "attributes": {
            "arn": "arn:aws:ec2:us-east-1:095031187966:security-group/sg-021e692ae16f2e78c",
            "description": "security group that allows ssh and all egress traffic",
            "egress": [
              {
                "cidr_blocks": [
                  "0.0.0.0/0"
                ],
                "description": "",
                "from_port": 0,
                "ipv6_cidr_blocks": [],
                "prefix_list_ids": [],
                "protocol": "-1",
                "security_groups": [],
                "self": false,
                "to_port": 0
              }
            ],
            "id": "sg-021e692ae16f2e78c",
            "ingress": [
              {
                "cidr_blocks": [
                  "0.0.0.0/0"
                ],
                "description": "",
                "from_port": 22,
                "ipv6_cidr_blocks": [],
                "prefix_list_ids": [],
                "protocol": "tcp",
                "security_groups": [],
                "self": false,
                "to_port": 22
              },
              {
                "cidr_blocks": [
                  "0.0.0.0/0"
                ],
                "description": "",
                "from_port": 8080,
                "ipv6_cidr_blocks": [],
                "prefix_list_ids": [],
                "protocol": "tcp",
                "security_groups": [],
                "self": false,
                "to_port": 8080
              }
            ],
            "name": "jenkins-securitygroup",
            "name_prefix": "",
            "owner_id": "095031187966",
            "region": "us-east-1",
            "revoke_rules_on_delete": false,
            "tags": {
              "Name": "jenkins-securitygroup"
            },
            "tags_all": {
              "Name": "jenkins-securitygroup"
            },
            "timeouts": null,
            "vpc_id": "vpc-092153d6e68c5e548"
          },
          "sensitive_attributes": [],
          "identity_schema_version": 0,
          "identity": {
            "account_id": "095031187966",
            "id": "sg-021e692ae16f2e78c",
            "region": "us-east-1"
          },
          "private": "eyJlMmJmYjczMC1lY2FhLTExZTYtOGY4OC0zNDM2M2JjN2M0YzAiOnsiY3JlYXRlIjo2MDAwMDAwMDAwMDAsImRlbGV0ZSI6OTAwMDAwMDAwMDAwfSwic2NoZW1hX3ZlcnNpb24iOiIxIn0=",
          "dependencies": [
            "aws_vpc.main"
          ]
        }
      ]
    },
    {
      "mode": "managed",
      "type": "aws_subnet",
      "name": "main-private-1",
      "provider": "provider[\"registry.terraform.io/hashicorp/aws\"]",
      "instances": [
        {
          "schema_version": 1,
          "attributes": {
            "arn": "arn:aws:ec2:us-east-1:095031187966:subnet/subnet-095b4f06340761b4d",
            "assign_ipv6_address_on_creation": false,
            "availability_zone": "us-east-1a",
            "availability_zone_id": "use1-az1",
            "cidr_block": "10.0.4.0/24",
            "customer_owned_ipv4_pool": "",
            "enable_dns64": false,
            "enable_lni_at_device_index": 0,
            "enable_resource_name_dns_a_record_on_launch": false,
            "enable_resource_name_dns_aaaa_record_on_launch": false,
            "id": "subnet-095b4f06340761b4d",
            "ipv4_ipam_pool_id": null,
            "ipv4_netmask_length": null,
            "ipv6_cidr_block": "",
            "ipv6_cidr_block_association_id": "",
            "ipv6_ipam_pool_id": null,
            "ipv6_native": false,
            "ipv6_netmask_length": null,
            "map_customer_owned_ip_on_launch": false,
            "map_public_ip_on_launch": false,
            "outpost_arn": "",
            "owner_id": "095031187966",
            "private_dns_hostname_type_on_launch": "ip-name",
            "region": "us-east-1",
            "tags": {
              "Name": "main-private-1"
            },
            "tags_all": {
              "Name": "main-private-1"
            },
            "timeouts": null,
            "vpc_id": "vpc-092153d6e68c5e548"
          },
          "sensitive_attributes": [],
          "identity_schema_version": 0,
          "identity": {
            "account_id": "095031187966",
            "id": "subnet-095b4f06340761b4d",
            "region": "us-east-1"
          },
          "private": "eyJlMmJmYjczMC1lY2FhLTExZTYtOGY4OC0zNDM2M2JjN2M0YzAiOnsiY3JlYXRlIjo2MDAwMDAwMDAwMDAsImRlbGV0ZSI6MTIwMDAwMDAwMDAwMH0sInNjaGVtYV92ZXJzaW9uIjoiMSJ9",
          "dependencies": [
            "aws_vpc.main"
          ]
        }
      ]
    },
    {
      "mode": "managed",
      "type": "aws_subnet",
      "name": "main-private-2",
      "provider": "provider[\"registry.terraform.io/hashicorp/aws\"]",
      "instances": [
        {
          "schema_version": 1,
          "attributes": {
            "arn": "arn:aws:ec2:us-east-1:095031187966:subnet/subnet-0e2a286963a33b3ac",
            "assign_ipv6_address_on_creation": false,
            "availability_zone": "us-east-1b",
            "availability_zone_id": "use1-az2",
            "cidr_block": "10.0.5.0/24",
            "customer_owned_ipv4_pool": "",
            "enable_dns64": false,
            "enable_lni_at_device_index": 0,
            "enable_resource_name_dns_a_record_on_launch": false,
            "enable_resource_name_dns_aaaa_record_on_launch": false,
            "id": "subnet-0e2a286963a33b3ac",
            "ipv4_ipam_pool_id": null,
            "ipv4_netmask_length": null,
            "ipv6_cidr_block": "",
            "ipv6_cidr_block_association_id": "",
            "ipv6_ipam_pool_id": null,
            "ipv6_native": false,
            "ipv6_netmask_length": null,
            "map_customer_owned_ip_on_launch": false,
            "map_public_ip_on_launch": false,
            "outpost_arn": "",
            "owner_id": "095031187966",
            "private_dns_hostname_type_on_launch": "ip-name",
            "region": "us-east-1",
            "tags": {
              "Name": "main-private-2"
            },
            "tags_all": {
              "Name": "main-private-2"
            },
            "timeouts": null,
            "vpc_id": "vpc-092153d6e68c5e548"
          },
          "sensitive_attributes": [],
          "identity_schema_version": 0,
          "identity": {
            "account_id": "095031187966",
            "id": "subnet-0e2a286963a33b3ac",
            "region": "us-east-1"
          },
          "private": "eyJlMmJmYjczMC1lY2FhLTExZTYtOGY4OC0zNDM2M2JjN2M0YzAiOnsiY3JlYXRlIjo2MDAwMDAwMDAwMDAsImRlbGV0ZSI6MTIwMDAwMDAwMDAwMH0sInNjaGVtYV92ZXJzaW9uIjoiMSJ9",
          "dependencies": [
            "aws_vpc.main"
          ]
        }
      ]
    },
    {
      "mode": "managed",
      "type": "aws_subnet",
      "name": "main-private-3",
      "provider": "provider[\"registry.terraform.io/hashicorp/aws\"]",
      "instances": [
        {
          "schema_version": 1,
          "attributes": {
            "arn": "arn:aws:ec2:us-east-1:095031187966:subnet/subnet-00c5e5e149fe38646",
            "assign_ipv6_address_on_creation": false,
            "availability_zone": "us-east-1c",
            "availability_zone_id": "use1-az4",
            "cidr_block": "10.0.6.0/24",
            "customer_owned_ipv4_pool": "",
            "enable_dns64": false,
            "enable_lni_at_device_index": 0,
            "enable_resource_name_dns_a_record_on_launch": false,
            "enable_resource_name_dns_aaaa_record_on_launch": false,
            "id": "subnet-00c5e5e149fe38646",
            "ipv4_ipam_pool_id": null,
            "ipv4_netmask_length": null,
            "ipv6_cidr_block": "",
            "ipv6_cidr_block_association_id": "",
            "ipv6_ipam_pool_id": null,
            "ipv6_native": false,
            "ipv6_netmask_length": null,
            "map_customer_owned_ip_on_launch": false,
            "map_public_ip_on_launch": false,
            "outpost_arn": "",
            "owner_id": "095031187966",
            "private_dns_hostname_type_on_launch": "ip-name",
            "region": "us-east-1",
            "tags": {
              "Name": "main-private-3"
            },
            "tags_all": {
              "Name": "main-private-3"
            },
            "timeouts": null,
            "vpc_id": "vpc-092153d6e68c5e548"
          },
          "sensitive_attributes": [],
          "identity_schema_version": 0,
          "identity": {
            "account_id": "095031187966",
            "id": "subnet-00c5e5e149fe38646",
            "region": "us-east-1"
          },
          "private": "eyJlMmJmYjczMC1lY2FhLTExZTYtOGY4OC0zNDM2M2JjN2M0YzAiOnsiY3JlYXRlIjo2MDAwMDAwMDAwMDAsImRlbGV0ZSI6MTIwMDAwMDAwMDAwMH0sInNjaGVtYV92ZXJzaW9uIjoiMSJ9",
          "dependencies": [
            "aws_vpc.main"
          ]
        }
      ]
    },
    {
      "mode": "managed",
      "type": "aws_subnet",
      "name": "main-public-1",
      "provider": "provider[\"registry.terraform.io/hashicorp/aws\"]",
      "instances": [
        {
          "schema_version": 1,
          "attributes": {
            "arn": "arn:aws:ec2:us-east-1:095031187966:subnet/subnet-03e118c9e8522efaf",
            "assign_ipv6_address_on_creation": false,
            "availability_zone": "us-east-1a",
            "availability_zone_id": "use1-az1",
            "cidr_block": "10.0.1.0/24",
            "customer_owned_ipv4_pool": "",
            "enable_dns64": false,
            "enable_lni_at_device_index": 0,
            "enable_resource_name_dns_a_record_on_launch": false,
            "enable_resource_name_dns_aaaa_record_on_launch": false,
            "id": "subnet-03e118c9e8522efaf",
            "ipv4_ipam_pool_id": null,
            "ipv4_netmask_length": null,
            "ipv6_cidr_block": "",
            "ipv6_cidr_block_association_id": "",
            "ipv6_ipam_pool_id": null,
            "ipv6_native": false,
            "ipv6_netmask_length": null,
            "map_customer_owned_ip_on_launch": false,
            "map_public_ip_on_launch": true,
            "outpost_arn": "",
            "owner_id": "095031187966",
            "private_dns_hostname_type_on_launch": "ip-name",
            "region": "us-east-1",
            "tags": {
              "Name": "main-public-1"
            },
            "tags_all": {
              "Name": "main-public-1"
            },
            "timeouts": null,
            "vpc_id": "vpc-092153d6e68c5e548"
          },
          "sensitive_attributes": [],
          "identity_schema_version": 0,
          "identity": {
            "account_id": "095031187966",
            "id": "subnet-03e118c9e8522efaf",
            "region": "us-east-1"
          },
          "private": "eyJlMmJmYjczMC1lY2FhLTExZTYtOGY4OC0zNDM2M2JjN2M0YzAiOnsiY3JlYXRlIjo2MDAwMDAwMDAwMDAsImRlbGV0ZSI6MTIwMDAwMDAwMDAwMH0sInNjaGVtYV92ZXJzaW9uIjoiMSJ9",
          "dependencies": [
            "aws_vpc.main"
          ]
        }
      ]
    },
    {
      "mode": "managed",
      "type": "aws_subnet",
      "name": "main-public-2",
      "provider": "provider[\"registry.terraform.io/hashicorp/aws\"]",
      "instances": [
        {
          "schema_version": 1,
          "attributes": {
            "arn": "arn:aws:ec2:us-east-1:095031187966:subnet/subnet-07e50444d66743980",
            "assign_ipv6_address_on_creation": false,
            "availability_zone": "us-east-1b",
            "availability_zone_id": "use1-az2",
            "cidr_block": "10.0.2.0/24",
            "customer_owned_ipv4_pool": "",
            "enable_dns64": false,
            "enable_lni_at_device_index": 0,
            "enable_resource_name_dns_a_record_on_launch": false,
            "enable_resource_name_dns_aaaa_record_on_launch": false,
            "id": "subnet-07e50444d66743980",
            "ipv4_ipam_pool_id": null,
            "ipv4_netmask_length": null,
            "ipv6_cidr_block": "",
            "ipv6_cidr_block_association_id": "",
            "ipv6_ipam_pool_id": null,
            "ipv6_native": false,
            "ipv6_netmask_length": null,
            "map_customer_owned_ip_on_launch": false,
            "map_public_ip_on_launch": true,
            "outpost_arn": "",
            "owner_id": "095031187966",
            "private_dns_hostname_type_on_launch": "ip-name",
            "region": "us-east-1",
            "tags": {
              "Name": "main-public-2"
            },
            "tags_all": {
              "Name": "main-public-2"
            },
            "timeouts": null,
            "vpc_id": "vpc-092153d6e68c5e548"
          },
          "sensitive_attributes": [],
          "identity_schema_version": 0,
          "identity": {
            "account_id": "095031187966",
            "id": "subnet-07e50444d66743980",
            "region": "us-east-1"
          },
          "private": "eyJlMmJmYjczMC1lY2FhLTExZTYtOGY4OC0zNDM2M2JjN2M0YzAiOnsiY3JlYXRlIjo2MDAwMDAwMDAwMDAsImRlbGV0ZSI6MTIwMDAwMDAwMDAwMH0sInNjaGVtYV92ZXJzaW9uIjoiMSJ9",
          "dependencies": [
            "aws_vpc.main"
          ]
        }
      ]
    },
    {
      "mode": "managed",
      "type": "aws_subnet",
      "name": "main-public-3",
      "provider": "provider[\"registry.terraform.io/hashicorp/aws\"]",
      "instances": [
        {
          "schema_version": 1,
          "attributes": {
            "arn": "arn:aws:ec2:us-east-1:095031187966:subnet/subnet-0d2e710e16873a447",
            "assign_ipv6_address_on_creation": false,
            "availability_zone": "us-east-1c",
            "availability_zone_id": "use1-az4",
            "cidr_block": "10.0.3.0/24",
            "customer_owned_ipv4_pool": "",
            "enable_dns64": false,
            "enable_lni_at_device_index": 0,
            "enable_resource_name_dns_a_record_on_launch": false,
            "enable_resource_name_dns_aaaa_record_on_launch": false,
            "id": "subnet-0d2e710e16873a447",
            "ipv4_ipam_pool_id": null,
            "ipv4_netmask_length": null,
            "ipv6_cidr_block": "",
            "ipv6_cidr_block_association_id": "",
            "ipv6_ipam_pool_id": null,
            "ipv6_native": false,
            "ipv6_netmask_length": null,
            "map_customer_owned_ip_on_launch": false,
            "map_public_ip_on_launch": true,
            "outpost_arn": "",
            "owner_id": "095031187966",
            "private_dns_hostname_type_on_launch": "ip-name",
            "region": "us-east-1",
            "tags": {
              "Name": "main-public-3"
            },
            "tags_all": {
              "Name": "main-public-3"
            },
            "timeouts": null,
            "vpc_id": "vpc-092153d6e68c5e548"
          },
          "sensitive_attributes": [],
          "identity_schema_version": 0,
          "identity": {
            "account_id": "095031187966",
            "id": "subnet-0d2e710e16873a447",
            "region": "us-east-1"
          },
          "private": "eyJlMmJmYjczMC1lY2FhLTExZTYtOGY4OC0zNDM2M2JjN2M0YzAiOnsiY3JlYXRlIjo2MDAwMDAwMDAwMDAsImRlbGV0ZSI6MTIwMDAwMDAwMDAwMH0sInNjaGVtYV92ZXJzaW9uIjoiMSJ9",
          "dependencies": [
            "aws_vpc.main"
          ]
        }
      ]
    },
    {
      "mode": "managed",
      "type": "aws_volume_attachment",
      "name": "jenkins-data-attachment",
      "provider": "provider[\"registry.terraform.io/hashicorp/aws\"]",
      "instances": [
        {
          "schema_version": 0,
          "attributes": {
            "device_name": "/dev/xvdh",
            "force_detach": null,
            "id": "vai-2780379299",
            "instance_id": "i-03652f3f0720cba2a",
            "region": "us-east-1",
            "skip_destroy": true,
            "stop_instance_before_detaching": null,
            "timeouts": null,
            "volume_id": "vol-0d525a35274241e86"
          },
          "sensitive_attributes": [],
          "identity_schema_version": 0,
          "private": "eyJlMmJmYjczMC1lY2FhLTExZTYtOGY4OC0zNDM2M2JjN2M0YzAiOnsiY3JlYXRlIjozMDAwMDAwMDAwMDAsImRlbGV0ZSI6MzAwMDAwMDAwMDAwfX0=",
          "dependencies": [
            "aws_ebs_volume.jenkins-data",
            "aws_iam_instance_profile.jenkins-role",
            "aws_iam_role.jenkins-role",
            "aws_instance.jenkins-instance",
            "aws_key_pair.mykeypair",
            "aws_security_group.jenkins-securitygroup",
            "aws_subnet.main-public-1",
            "aws_vpc.main",
            "data.aws_ami.ubuntu",
            "data.cloudinit_config.cloudinit-jenkins"
          ]
        }
      ]
    },
    {
      "mode": "managed",
      "type": "aws_vpc",
      "name": "main",
      "provider": "provider[\"registry.terraform.io/hashicorp/aws\"]",
      "instances": [
        {
          "schema_version": 1,
          "attributes": {
            "arn": "arn:aws:ec2:us-east-1:095031187966:vpc/vpc-092153d6e68c5e548",
            "assign_generated_ipv6_cidr_block": false,
            "cidr_block": "10.0.0.0/16",
            "default_network_acl_id": "acl-0711e148653e6f090",
            "default_route_table_id": "rtb-095fdf5ac86306d75",
            "default_security_group_id": "sg-0fad4919a309a327a",
            "dhcp_options_id": "dopt-00af1b58519af9528",
            "enable_dns_hostnames": true,
            "enable_dns_support": true,
            "enable_network_address_usage_metrics": false,
            "id": "vpc-092153d6e68c5e548",
            "instance_tenancy": "default",
            "ipv4_ipam_pool_id": null,
            "ipv4_netmask_length": null,
            "ipv6_association_id": "",
            "ipv6_cidr_block": "",
            "ipv6_cidr_block_network_border_group": "",
            "ipv6_ipam_pool_id": "",
            "ipv6_netmask_length": 0,
            "main_route_table_id": "rtb-095fdf5ac86306d75",
            "owner_id": "095031187966",
            "region": "us-east-1",
            "tags": {
              "Name": "main"
            },
            "tags_all": {
              "Name": "main"
            }
          },
          "sensitive_attributes": [],
          "identity_schema_version": 0,
          "identity": {
            "account_id": "095031187966",
            "id": "vpc-092153d6e68c5e548",
            "region": "us-east-1"
          },
          "private": "eyJzY2hlbWFfdmVyc2lvbiI6IjEifQ=="
        }
      ]
    },
    {
      "mode": "managed",
      "type": "random_string",
      "name": "random",
      "provider": "provider[\"registry.terraform.io/hashicorp/random\"]",
      "instances": [
        {
          "schema_version": 2,
          "attributes": {
            "id": "kt5oc71b",
            "keepers": null,
            "length": 8,
            "lower": true,
            "min_lower": 0,
            "min_numeric": 0,
            "min_special": 0,
            "min_upper": 0,
            "number": true,
            "numeric": true,
            "override_special": null,
            "result": "kt5oc71b",
            "special": false,
            "upper": false
          },
          "sensitive_attributes": [],
          "identity_schema_version": 0
        }
      ]
    }
  ],
  "check_results": null
}
